
Microsoft Visual Studio Solution File, Format Version 12.00
# Visual Studio Version 16
VisualStudioVersion = 16.0.30406.217
MinimumVisualStudioVersion = 10.0.40219.1
Project("{FAE04EC0-301F-11D3-BF4B-00C04F79EFBC}") = "DiplomadoMVC-Crud-HTML-Helps-NoTipados", "DiplomadoMVC-Crud-HTML-Helps-NT\DiplomadoMVC-Crud-HTML-Helps-NoTipados.csproj", "{11D20F1C-DA99-486D-8BCC-348DA9E27C0B}"
EndProject
Global
	GlobalSection(SolutionConfigurationPlatforms) = preSolution
		Debug|Any CPU = Debug|Any CPU
		Release|Any CPU = Release|Any CPU
	EndGlobalSection
	GlobalSection(ProjectConfigurationPlatforms) = postSolution
		{11D20F1C-DA99-486D-8BCC-348DA9E27C0B}.Debug|Any CPU.ActiveCfg = Debug|Any CPU
		{11D20F1C-DA99-486D-8BCC-348DA9E27C0B}.Debug|Any CPU.Build.0 = Debug|Any CPU
		{11D20F1C-DA99-486D-8BCC-348DA9E27C0B}.Release|Any CPU.ActiveCfg = Release|Any CPU
		{11D20F1C-DA99-486D-8BCC-348DA9E27C0B}.Release|Any CPU.Build.0 = Release|Any CPU
	EndGlobalSection
	GlobalSection(SolutionProperties) = preSolution
		HideSolutionNode = FALSE
	EndGlobalSection
	GlobalSection(ExtensibilityGlobals) = postSolution
		SolutionGuid = {D387D9AB-7365-4CA8-830A-3926AFB7B533}
	EndGlobalSection
EndGlobal
